{
  "name": "backend",
  "lockfileVersion": 2,
  "requires": true,
  "packages": {
    "": {
      "dependencies": {
        "pinecone": "^0.1.0",
        "pinecone-client": "^1.1.0"
      }
    },
    "node_modules/acorn": {
      "version": "0.5.0",
      "resolved": "https://registry.npmjs.org/acorn/-/acorn-0.5.0.tgz",
      "integrity": "sha512-C+F0F79vOrEG1cNTBTKDJma7LSiWl6AkWJd1lqt6W784YLQSD+bFBLAbbLOXDHSr7+vSZvy5cX3CTMsCgocfxQ==",
      "bin": {
        "acorn": "bin/acorn"
      },
      "engines": {
        "node": ">=0.4.0"
      }
    },
    "node_modules/debug": {
      "version": "0.8.1",
      "resolved": "https://registry.npmjs.org/debug/-/debug-0.8.1.tgz",
      "integrity": "sha512-HlXEJm99YsRjLJ8xmuz0Lq8YUwrv7hAJkTEr6/Em3sUlSUNl0UdFA+1SrY4fnykeq1FVkUEUtwRGHs9VvlYbGA==",
      "engines": {
        "node": "*"
      }
    },
    "node_modules/fast.js": {
      "version": "0.0.3",
      "resolved": "https://registry.npmjs.org/fast.js/-/fast.js-0.0.3.tgz",
      "integrity": "sha512-BhCxo8TngNuFEflJydq06QJKFRnwh/HkFM36qFGibFzwImNr0u5gKtT0HiJGJT/jxBL322BBbc3C4g2+njAUIA=="
    },
    "node_modules/ky": {
      "version": "0.33.3",
      "resolved": "https://registry.npmjs.org/ky/-/ky-0.33.3.tgz",
      "integrity": "sha512-CasD9OCEQSFIam2U8efFK81Yeg8vNMTBUqtMOHlrcWQHqUX3HeCl9Dr31u4toV7emlH8Mymk5+9p0lL6mKb/Xw==",
      "engines": {
        "node": ">=14.16"
      },
      "funding": {
        "url": "https://github.com/sindresorhus/ky?sponsor=1"
      }
    },
    "node_modules/minimist": {
      "version": "1.2.8",
      "resolved": "https://registry.npmjs.org/minimist/-/minimist-1.2.8.tgz",
      "integrity": "sha512-2yyAR8qBkN3YuheJanUpWC5U3bb5osDywNB8RzDVlDwDHbocAJveqqj1u8+SVD7jkWT4yvsHCpWqqWqAxb0zCA==",
      "funding": {
        "url": "https://github.com/sponsors/ljharb"
      }
    },
    "node_modules/pinecone": {
      "version": "0.1.0",
      "resolved": "https://registry.npmjs.org/pinecone/-/pinecone-0.1.0.tgz",
      "integrity": "sha512-iKu0Vs4ijfueG9fRoOfJ6Ko0Yb/y/XK2kmNXz9WgG8LuDwneXWcmPQqhm7nUvAxFroQQdGSmM2zM33d4l/4UfQ==",
      "dependencies": {
        "acorn": "~0.5.0",
        "debug": "^0.8.1",
        "fast.js": "0.0.3",
        "minimist": "^1.1.0"
      },
      "bin": {
        "pinecone": "bin/pinecone"
      }
    },
    "node_modules/pinecone-client": {
      "version": "1.1.0",
      "resolved": "https://registry.npmjs.org/pinecone-client/-/pinecone-client-1.1.0.tgz",
      "integrity": "sha512-+5kW2OwW/eo3W/MKIktEhRYwq1PwmZdxTOGi34WZbpbt0C4OpzjW2uUx92bdU2/EnUw/A9M870g3y/vAL1H2HA==",
      "dependencies": {
        "ky": "^0.33.1"
      }
    }
  },
  "dependencies": {
    "acorn": {
      "version": "0.5.0",
      "resolved": "https://registry.npmjs.org/acorn/-/acorn-0.5.0.tgz",
      "integrity": "sha512-C+F0F79vOrEG1cNTBTKDJma7LSiWl6AkWJd1lqt6W784YLQSD+bFBLAbbLOXDHSr7+vSZvy5cX3CTMsCgocfxQ=="
    },
    "debug": {
      "version": "0.8.1",
      "resolved": "https://registry.npmjs.org/debug/-/debug-0.8.1.tgz",
      "integrity": "sha512-HlXEJm99YsRjLJ8xmuz0Lq8YUwrv7hAJkTEr6/Em3sUlSUNl0UdFA+1SrY4fnykeq1FVkUEUtwRGHs9VvlYbGA=="
    },
    "fast.js": {
      "version": "0.0.3",
      "resolved": "https://registry.npmjs.org/fast.js/-/fast.js-0.0.3.tgz",
      "integrity": "sha512-BhCxo8TngNuFEflJydq06QJKFRnwh/HkFM36qFGibFzwImNr0u5gKtT0HiJGJT/jxBL322BBbc3C4g2+njAUIA=="
    },
    "ky": {
      "version": "0.33.3",
      "resolved": "https://registry.npmjs.org/ky/-/ky-0.33.3.tgz",
      "integrity": "sha512-CasD9OCEQSFIam2U8efFK81Yeg8vNMTBUqtMOHlrcWQHqUX3HeCl9Dr31u4toV7emlH8Mymk5+9p0lL6mKb/Xw=="
    },
    "minimist": {
      "version": "1.2.8",
      "resolved": "https://registry.npmjs.org/minimist/-/minimist-1.2.8.tgz",
      "integrity": "sha512-2yyAR8qBkN3YuheJanUpWC5U3bb5osDywNB8RzDVlDwDHbocAJveqqj1u8+SVD7jkWT4yvsHCpWqqWqAxb0zCA=="
    },
    "pinecone": {
      "version": "0.1.0",
      "resolved": "https://registry.npmjs.org/pinecone/-/pinecone-0.1.0.tgz",
      "integrity": "sha512-iKu0Vs4ijfueG9fRoOfJ6Ko0Yb/y/XK2kmNXz9WgG8LuDwneXWcmPQqhm7nUvAxFroQQdGSmM2zM33d4l/4UfQ==",
      "requires": {
        "acorn": "~0.5.0",
        "debug": "^0.8.1",
        "fast.js": "0.0.3",
        "minimist": "^1.1.0"
      }
    },
    "pinecone-client": {
      "version": "1.1.0",
      "resolved": "https://registry.npmjs.org/pinecone-client/-/pinecone-client-1.1.0.tgz",
      "integrity": "sha512-+5kW2OwW/eo3W/MKIktEhRYwq1PwmZdxTOGi34WZbpbt0C4OpzjW2uUx92bdU2/EnUw/A9M870g3y/vAL1H2HA==",
      "requires": {
        "ky": "^0.33.1"
      }
    }
  }
}
